
Microsoft Visual Studio Solution File, Format Version 12.00
# Visual Studio Version 17
VisualStudioVersion = 17.3.32819.101
MinimumVisualStudioVersion = 10.0.40219.1
Project("{FAE04EC0-301F-11D3-BF4B-00C04F79EFBC}") = "FastReportTesting", "FastReportTesting\FastReportTesting.csproj", "{59B004DC-46E0-467F-8FE2-026496FACF3E}"
EndProject
Global
	GlobalSection(SolutionConfigurationPlatforms) = preSolution
		Debug|Any CPU = Debug|Any CPU
		Release|Any CPU = Release|Any CPU
	EndGlobalSection
	GlobalSection(ProjectConfigurationPlatforms) = postSolution
		{59B004DC-46E0-467F-8FE2-026496FACF3E}.Debug|Any CPU.ActiveCfg = Debug|Any CPU
		{59B004DC-46E0-467F-8FE2-026496FACF3E}.Debug|Any CPU.Build.0 = Debug|Any CPU
		{59B004DC-46E0-467F-8FE2-026496FACF3E}.Release|Any CPU.ActiveCfg = Release|Any CPU
		{59B004DC-46E0-467F-8FE2-026496FACF3E}.Release|Any CPU.Build.0 = Release|Any CPU
	EndGlobalSection
	GlobalSection(SolutionProperties) = preSolution
		HideSolutionNode = FALSE
	EndGlobalSection
	GlobalSection(ExtensibilityGlobals) = postSolution
		SolutionGuid = {BAD9CCEF-B769-449B-BE03-F9C4716A2D57}
	EndGlobalSection
EndGlobal
