
Microsoft Visual Studio Solution File, Format Version 12.00
# Visual Studio Version 17
VisualStudioVersion = 17.2.32519.379
MinimumVisualStudioVersion = 10.0.40219.1
Project("{FAE04EC0-301F-11D3-BF4B-00C04F79EFBC}") = "sample_Fast_Report", "sample_Fast_Report\sample_Fast_Report.csproj", "{49CEFEBA-5F5B-4B52-AD56-5CB69F791B80}"
EndProject
Global
	GlobalSection(SolutionConfigurationPlatforms) = preSolution
		Debug|Any CPU = Debug|Any CPU
		Release|Any CPU = Release|Any CPU
	EndGlobalSection
	GlobalSection(ProjectConfigurationPlatforms) = postSolution
		{49CEFEBA-5F5B-4B52-AD56-5CB69F791B80}.Debug|Any CPU.ActiveCfg = Debug|Any CPU
		{49CEFEBA-5F5B-4B52-AD56-5CB69F791B80}.Debug|Any CPU.Build.0 = Debug|Any CPU
		{49CEFEBA-5F5B-4B52-AD56-5CB69F791B80}.Release|Any CPU.ActiveCfg = Release|Any CPU
		{49CEFEBA-5F5B-4B52-AD56-5CB69F791B80}.Release|Any CPU.Build.0 = Release|Any CPU
	EndGlobalSection
	GlobalSection(SolutionProperties) = preSolution
		HideSolutionNode = FALSE
	EndGlobalSection
	GlobalSection(ExtensibilityGlobals) = postSolution
		SolutionGuid = {8FA4B2ED-951E-4F3B-93C1-94DA7F2C284C}
	EndGlobalSection
EndGlobal
